<Solution>
  <Project Path="TaskManager.Data\TaskManager.Data.csproj" />
  <Project Path="TaskManager.Models\TaskManager.Models.csproj" />
  <Project Path="TaskManager.Services\TaskManager.Services.csproj" />
  <Project Path="TaskManager.ConsoleApp\TaskManager.ConsoleApp.csproj" />
</Solution>
